// !$*UTF8*$!
{
	archiveVersion = 1;
	classes = {
	};
	objectVersion = 56;
	objects = {

/* Begin PBXBuildFile section */
		040DB5062CB4CC5E00828176 /* DeviceInforView.swift in Sources */ = {isa = PBXBuildFile; fileRef = 040DB5022CB4CC5E00828176 /* DeviceInforView.swift */; };
		040DB5072CB4CC5E00828176 /* DeviceNormalView.swift in Sources */ = {isa = PBXBuildFile; fileRef = 040DB5032CB4CC5E00828176 /* DeviceNormalView.swift */; };
		040DB5082CB4CC5E00828176 /* ServicesManageView.swift in Sources */ = {isa = PBXBuildFile; fileRef = 040DB5042CB4CC5E00828176 /* ServicesManageView.swift */; };
		040DB50C2CB4CCB900828176 /* PopUpFSafe.swift in Sources */ = {isa = PBXBuildFile; fileRef = 040DB50B2CB4CCB900828176 /* PopUpFSafe.swift */; };
		0418D02E2CAF990D0087160E /* ContractDetailsView.swift in Sources */ = {isa = PBXBuildFile; fileRef = 0418D02D2CAF990D0087160E /* ContractDetailsView.swift */; };
		0418D0302CAF9BFE0087160E /* ServicesBoxView.swift in Sources */ = {isa = PBXBuildFile; fileRef = 0418D02F2CAF9BFE0087160E /* ServicesBoxView.swift */; };
		0418D0322CAF9D6D0087160E /* IncludedServiceView.swift in Sources */ = {isa = PBXBuildFile; fileRef = 0418D0312CAF9D6D0087160E /* IncludedServiceView.swift */; };
		043B76E42CB37CAD002A4872 /* NotUsingServiceView.swift in Sources */ = {isa = PBXBuildFile; fileRef = 043B76E32CB37CAD002A4872 /* NotUsingServiceView.swift */; };
		044548FC2CB3E7FD00BCED5E /* View+.swift in Sources */ = {isa = PBXBuildFile; fileRef = 044548FB2CB3E7FD00BCED5E /* View+.swift */; };
		0454A57A2CAB8E6600879926 /* UserDeviceViewModel.swift in Sources */ = {isa = PBXBuildFile; fileRef = 0454A5782CAB8E6600879926 /* UserDeviceViewModel.swift */; };
		0454A57C2CAB8E6600879926 /* UserDeviceModel.swift in Sources */ = {isa = PBXBuildFile; fileRef = 0454A5762CAB8E6600879926 /* UserDeviceModel.swift */; };
		0454A5852CAB944400879926 /* Constant.swift in Sources */ = {isa = PBXBuildFile; fileRef = 0454A5832CAB944400879926 /* Constant.swift */; };
		0454A5892CABD4F100879926 /* DeviceInforViewModel.swift in Sources */ = {isa = PBXBuildFile; fileRef = 0454A5882CABD4F100879926 /* DeviceInforViewModel.swift */; };
		04C65EB92CAE3206004C4FF1 /* ServicesManagerModel.swift in Sources */ = {isa = PBXBuildFile; fileRef = 04C65EB82CAE3206004C4FF1 /* ServicesManagerModel.swift */; };
		04C65EBB2CAE39ED004C4FF1 /* ServiesManagerViewModel.swift in Sources */ = {isa = PBXBuildFile; fileRef = 04C65EBA2CAE39ED004C4FF1 /* ServiesManagerViewModel.swift */; };
		4912448B2C097FD0006D2695 /* AppDelegate.swift in Sources */ = {isa = PBXBuildFile; fileRef = 4912448A2C097FD0006D2695 /* AppDelegate.swift */; };
		4912448D2C097FD0006D2695 /* SceneDelegate.swift in Sources */ = {isa = PBXBuildFile; fileRef = 4912448C2C097FD0006D2695 /* SceneDelegate.swift */; };
		4912448F2C097FD0006D2695 /* ViewController.swift in Sources */ = {isa = PBXBuildFile; fileRef = 4912448E2C097FD0006D2695 /* ViewController.swift */; };
		491244942C097FD2006D2695 /* Assets.xcassets in Resources */ = {isa = PBXBuildFile; fileRef = 491244932C097FD2006D2695 /* Assets.xcassets */; };
		491244972C097FD2006D2695 /* LaunchScreen.storyboard in Resources */ = {isa = PBXBuildFile; fileRef = 491244952C097FD2006D2695 /* LaunchScreen.storyboard */; };
		491244A32C09806C006D2695 /* HomeFSafeScreen.swift in Sources */ = {isa = PBXBuildFile; fileRef = 491244A22C09806C006D2695 /* HomeFSafeScreen.swift */; };
		491244A52C09816A006D2695 /* Extension+Main.swift in Sources */ = {isa = PBXBuildFile; fileRef = 491244A42C09816A006D2695 /* Extension+Main.swift */; };
		491244A82C09823F006D2695 /* HomeFSafeVM.swift in Sources */ = {isa = PBXBuildFile; fileRef = 491244A72C09823F006D2695 /* HomeFSafeVM.swift */; };
		49219D592CBFC3AF00E8DF3B /* NetworkDiagramViewRepresentable.swift in Sources */ = {isa = PBXBuildFile; fileRef = 49219D582CBFC3AF00E8DF3B /* NetworkDiagramViewRepresentable.swift */; };
		49219D622CC0A82A00E8DF3B /* NetworkDeviceModel.swift in Sources */ = {isa = PBXBuildFile; fileRef = 49219D5F2CC0A82A00E8DF3B /* NetworkDeviceModel.swift */; };
		49219D632CC0A82A00E8DF3B /* NetworkDiagramZoomingView.swift in Sources */ = {isa = PBXBuildFile; fileRef = 49219D5D2CC0A82A00E8DF3B /* NetworkDiagramZoomingView.swift */; };
		49219D642CC0A82A00E8DF3B /* NetworkDiagramVC.swift in Sources */ = {isa = PBXBuildFile; fileRef = 49219D602CC0A82A00E8DF3B /* NetworkDiagramVC.swift */; };
		49219D652CC0A82A00E8DF3B /* NetworkDeviceView.swift in Sources */ = {isa = PBXBuildFile; fileRef = 49219D5B2CC0A82A00E8DF3B /* NetworkDeviceView.swift */; };
		49219D662CC0A82A00E8DF3B /* NetworkDiagramView.swift in Sources */ = {isa = PBXBuildFile; fileRef = 49219D5C2CC0A82A00E8DF3B /* NetworkDiagramView.swift */; };
		4936ED712C09BBBD0046E9E6 /* ItemFeatureFSafe.swift in Sources */ = {isa = PBXBuildFile; fileRef = 4936ED702C09BBBD0046E9E6 /* ItemFeatureFSafe.swift */; };
		4936ED742C09C1CE0046E9E6 /* FSafeManagers.swift in Sources */ = {isa = PBXBuildFile; fileRef = 4936ED732C09C1CE0046E9E6 /* FSafeManagers.swift */; };
		4936ED7B2C09C2CA0046E9E6 /* ManageWebsiteScreen.swift in Sources */ = {isa = PBXBuildFile; fileRef = 4936ED7A2C09C2CA0046E9E6 /* ManageWebsiteScreen.swift */; };
		4936ED7D2C0D5C8A0046E9E6 /* ManageWebsiteVM.swift in Sources */ = {isa = PBXBuildFile; fileRef = 4936ED7C2C0D5C8A0046E9E6 /* ManageWebsiteVM.swift */; };
		4955030B2C11911600B2037F /* ListWebsiteTableview.swift in Sources */ = {isa = PBXBuildFile; fileRef = 4955030A2C11911600B2037F /* ListWebsiteTableview.swift */; };
		495503262C12B4E900B2037F /* FSafeEmptyView.swift in Sources */ = {isa = PBXBuildFile; fileRef = 495503252C12B4E900B2037F /* FSafeEmptyView.swift */; };
		495503282C13030100B2037F /* ListWebsiteModel.swift in Sources */ = {isa = PBXBuildFile; fileRef = 495503272C13030100B2037F /* ListWebsiteModel.swift */; };
		4955032B2C13035C00B2037F /* ManagaWebsiteVMProtocol.swift in Sources */ = {isa = PBXBuildFile; fileRef = 4955032A2C13035C00B2037F /* ManagaWebsiteVMProtocol.swift */; };
		4955032E2C169F4C00B2037F /* Scrollview.swift in Sources */ = {isa = PBXBuildFile; fileRef = 4955032D2C169F4C00B2037F /* Scrollview.swift */; };
		495503302C17FF2000B2037F /* DetailWebsiteScreen.swift in Sources */ = {isa = PBXBuildFile; fileRef = 4955032F2C17FF2000B2037F /* DetailWebsiteScreen.swift */; };
		495503322C17FF7F00B2037F /* DetailWebsiteVM.swift in Sources */ = {isa = PBXBuildFile; fileRef = 495503312C17FF7F00B2037F /* DetailWebsiteVM.swift */; };
		495503342C183F9300B2037F /* FsafeSuggestRegisterScreen.swift in Sources */ = {isa = PBXBuildFile; fileRef = 495503332C183F9300B2037F /* FsafeSuggestRegisterScreen.swift */; };
		495503362C1FDDE100B2037F /* FsafeSuggestRegisterVM.swift in Sources */ = {isa = PBXBuildFile; fileRef = 495503352C1FDDE100B2037F /* FsafeSuggestRegisterVM.swift */; };
		495503382C1FF0A300B2037F /* ManageDangerousWebsiteVM.swift in Sources */ = {isa = PBXBuildFile; fileRef = 495503372C1FF0A300B2037F /* ManageDangerousWebsiteVM.swift */; };
		4955033A2C1FF0E800B2037F /* ManageViolatesWebsiteVM.swift in Sources */ = {isa = PBXBuildFile; fileRef = 495503392C1FF0E800B2037F /* ManageViolatesWebsiteVM.swift */; };
		49B2379C2C5CD0D600C93EC8 /* ListAddressScreen.swift in Sources */ = {isa = PBXBuildFile; fileRef = 49B2379B2C5CD0D600C93EC8 /* ListAddressScreen.swift */; };
		7884B9052CBDFCA900E99167 /* RestartSettingView.swift in Sources */ = {isa = PBXBuildFile; fileRef = 7884B9042CBDFCA900E99167 /* RestartSettingView.swift */; };
		7884B9072CBE5D0500E99167 /* PrivacySettingView.swift in Sources */ = {isa = PBXBuildFile; fileRef = 7884B9062CBE5D0500E99167 /* PrivacySettingView.swift */; };
		78D9E2472CB76B7D005ED055 /* ServiceManager.swift in Sources */ = {isa = PBXBuildFile; fileRef = 78D9E2462CB76B2A005ED055 /* ServiceManager.swift */; };
		78D9E2492CB76BE2005ED055 /* ServiceManagerAPIService.swift in Sources */ = {isa = PBXBuildFile; fileRef = 78D9E2482CB76BCE005ED055 /* ServiceManagerAPIService.swift */; };
		78DA71CF2CB90AD600B55507 /* ModemManageView.swift in Sources */ = {isa = PBXBuildFile; fileRef = 78DA71CE2CB90AD600B55507 /* ModemManageView.swift */; };
		78DA71D12CB90B4E00B55507 /* ModemManageViewModel.swift in Sources */ = {isa = PBXBuildFile; fileRef = 78DA71D02CB90B4E00B55507 /* ModemManageViewModel.swift */; };
		78DA71D32CB90B7300B55507 /* ModemManageModel.swift in Sources */ = {isa = PBXBuildFile; fileRef = 78DA71D22CB90B7300B55507 /* ModemManageModel.swift */; };
		78F7CAE42CBCD6F4002951BF /* RestartScheduleView.swift in Sources */ = {isa = PBXBuildFile; fileRef = 78F7CAE32CBCD6F4002951BF /* RestartScheduleView.swift */; };
		7B2D71AC2CB51BA2D66B4F21 /* Pods_NewFsafe.framework in Frameworks */ = {isa = PBXBuildFile; fileRef = E093A9EB9EA62302CEFBC9D6 /* Pods_NewFsafe.framework */; };
/* End PBXBuildFile section */

/* Begin PBXFileReference section */
		040DB5022CB4CC5E00828176 /* DeviceInforView.swift */ = {isa = PBXFileReference; lastKnownFileType = sourcecode.swift; path = DeviceInforView.swift; sourceTree = "<group>"; };
		040DB5032CB4CC5E00828176 /* DeviceNormalView.swift */ = {isa = PBXFileReference; lastKnownFileType = sourcecode.swift; path = DeviceNormalView.swift; sourceTree = "<group>"; };
		040DB5042CB4CC5E00828176 /* ServicesManageView.swift */ = {isa = PBXFileReference; lastKnownFileType = sourcecode.swift; path = ServicesManageView.swift; sourceTree = "<group>"; };
		040DB50B2CB4CCB900828176 /* PopUpFSafe.swift */ = {isa = PBXFileReference; lastKnownFileType = sourcecode.swift; path = PopUpFSafe.swift; sourceTree = "<group>"; };
		0418D02D2CAF990D0087160E /* ContractDetailsView.swift */ = {isa = PBXFileReference; lastKnownFileType = sourcecode.swift; path = ContractDetailsView.swift; sourceTree = "<group>"; };
		0418D02F2CAF9BFE0087160E /* ServicesBoxView.swift */ = {isa = PBXFileReference; lastKnownFileType = sourcecode.swift; path = ServicesBoxView.swift; sourceTree = "<group>"; };
		0418D0312CAF9D6D0087160E /* IncludedServiceView.swift */ = {isa = PBXFileReference; lastKnownFileType = sourcecode.swift; path = IncludedServiceView.swift; sourceTree = "<group>"; };
		043B76E32CB37CAD002A4872 /* NotUsingServiceView.swift */ = {isa = PBXFileReference; lastKnownFileType = sourcecode.swift; path = NotUsingServiceView.swift; sourceTree = "<group>"; };
		044548FB2CB3E7FD00BCED5E /* View+.swift */ = {isa = PBXFileReference; lastKnownFileType = sourcecode.swift; path = "View+.swift"; sourceTree = "<group>"; };
		0454A5762CAB8E6600879926 /* UserDeviceModel.swift */ = {isa = PBXFileReference; lastKnownFileType = sourcecode.swift; path = UserDeviceModel.swift; sourceTree = "<group>"; };
		0454A5782CAB8E6600879926 /* UserDeviceViewModel.swift */ = {isa = PBXFileReference; lastKnownFileType = sourcecode.swift; path = UserDeviceViewModel.swift; sourceTree = "<group>"; };
		0454A5832CAB944400879926 /* Constant.swift */ = {isa = PBXFileReference; lastKnownFileType = sourcecode.swift; path = Constant.swift; sourceTree = "<group>"; };
		0454A5882CABD4F100879926 /* DeviceInforViewModel.swift */ = {isa = PBXFileReference; lastKnownFileType = sourcecode.swift; path = DeviceInforViewModel.swift; sourceTree = "<group>"; };
		04C65EB82CAE3206004C4FF1 /* ServicesManagerModel.swift */ = {isa = PBXFileReference; lastKnownFileType = sourcecode.swift; path = ServicesManagerModel.swift; sourceTree = "<group>"; };
		04C65EBA2CAE39ED004C4FF1 /* ServiesManagerViewModel.swift */ = {isa = PBXFileReference; lastKnownFileType = sourcecode.swift; path = ServiesManagerViewModel.swift; sourceTree = "<group>"; };
		491244872C097FD0006D2695 /* NewFsafe.app */ = {isa = PBXFileReference; explicitFileType = wrapper.application; includeInIndex = 0; path = NewFsafe.app; sourceTree = BUILT_PRODUCTS_DIR; };
		4912448A2C097FD0006D2695 /* AppDelegate.swift */ = {isa = PBXFileReference; lastKnownFileType = sourcecode.swift; path = AppDelegate.swift; sourceTree = "<group>"; };
		4912448C2C097FD0006D2695 /* SceneDelegate.swift */ = {isa = PBXFileReference; lastKnownFileType = sourcecode.swift; path = SceneDelegate.swift; sourceTree = "<group>"; };
		4912448E2C097FD0006D2695 /* ViewController.swift */ = {isa = PBXFileReference; lastKnownFileType = sourcecode.swift; path = ViewController.swift; sourceTree = "<group>"; };
		491244932C097FD2006D2695 /* Assets.xcassets */ = {isa = PBXFileReference; lastKnownFileType = folder.assetcatalog; path = Assets.xcassets; sourceTree = "<group>"; };
		491244962C097FD2006D2695 /* Base */ = {isa = PBXFileReference; lastKnownFileType = file.storyboard; name = Base; path = Base.lproj/LaunchScreen.storyboard; sourceTree = "<group>"; };
		491244982C097FD2006D2695 /* Info.plist */ = {isa = PBXFileReference; lastKnownFileType = text.plist.xml; path = Info.plist; sourceTree = "<group>"; };
		491244A22C09806C006D2695 /* HomeFSafeScreen.swift */ = {isa = PBXFileReference; lastKnownFileType = sourcecode.swift; path = HomeFSafeScreen.swift; sourceTree = "<group>"; };
		491244A42C09816A006D2695 /* Extension+Main.swift */ = {isa = PBXFileReference; lastKnownFileType = sourcecode.swift; path = "Extension+Main.swift"; sourceTree = "<group>"; };
		491244A72C09823F006D2695 /* HomeFSafeVM.swift */ = {isa = PBXFileReference; lastKnownFileType = sourcecode.swift; path = HomeFSafeVM.swift; sourceTree = "<group>"; };
		49219D582CBFC3AF00E8DF3B /* NetworkDiagramViewRepresentable.swift */ = {isa = PBXFileReference; lastKnownFileType = sourcecode.swift; path = NetworkDiagramViewRepresentable.swift; sourceTree = "<group>"; };
		49219D5B2CC0A82A00E8DF3B /* NetworkDeviceView.swift */ = {isa = PBXFileReference; lastKnownFileType = sourcecode.swift; path = NetworkDeviceView.swift; sourceTree = "<group>"; };
		49219D5C2CC0A82A00E8DF3B /* NetworkDiagramView.swift */ = {isa = PBXFileReference; lastKnownFileType = sourcecode.swift; path = NetworkDiagramView.swift; sourceTree = "<group>"; };
		49219D5D2CC0A82A00E8DF3B /* NetworkDiagramZoomingView.swift */ = {isa = PBXFileReference; lastKnownFileType = sourcecode.swift; path = NetworkDiagramZoomingView.swift; sourceTree = "<group>"; };
		49219D5F2CC0A82A00E8DF3B /* NetworkDeviceModel.swift */ = {isa = PBXFileReference; lastKnownFileType = sourcecode.swift; path = NetworkDeviceModel.swift; sourceTree = "<group>"; };
		49219D602CC0A82A00E8DF3B /* NetworkDiagramVC.swift */ = {isa = PBXFileReference; lastKnownFileType = sourcecode.swift; path = NetworkDiagramVC.swift; sourceTree = "<group>"; };
		4936ED702C09BBBD0046E9E6 /* ItemFeatureFSafe.swift */ = {isa = PBXFileReference; lastKnownFileType = sourcecode.swift; path = ItemFeatureFSafe.swift; sourceTree = "<group>"; };
		4936ED732C09C1CE0046E9E6 /* FSafeManagers.swift */ = {isa = PBXFileReference; lastKnownFileType = sourcecode.swift; path = FSafeManagers.swift; sourceTree = "<group>"; };
		4936ED7A2C09C2CA0046E9E6 /* ManageWebsiteScreen.swift */ = {isa = PBXFileReference; lastKnownFileType = sourcecode.swift; path = ManageWebsiteScreen.swift; sourceTree = "<group>"; };
		4936ED7C2C0D5C8A0046E9E6 /* ManageWebsiteVM.swift */ = {isa = PBXFileReference; lastKnownFileType = sourcecode.swift; path = ManageWebsiteVM.swift; sourceTree = "<group>"; };
		4955030A2C11911600B2037F /* ListWebsiteTableview.swift */ = {isa = PBXFileReference; lastKnownFileType = sourcecode.swift; path = ListWebsiteTableview.swift; sourceTree = "<group>"; };
		495503252C12B4E900B2037F /* FSafeEmptyView.swift */ = {isa = PBXFileReference; lastKnownFileType = sourcecode.swift; path = FSafeEmptyView.swift; sourceTree = "<group>"; };
		495503272C13030100B2037F /* ListWebsiteModel.swift */ = {isa = PBXFileReference; lastKnownFileType = sourcecode.swift; path = ListWebsiteModel.swift; sourceTree = "<group>"; };
		4955032A2C13035C00B2037F /* ManagaWebsiteVMProtocol.swift */ = {isa = PBXFileReference; lastKnownFileType = sourcecode.swift; path = ManagaWebsiteVMProtocol.swift; sourceTree = "<group>"; };
		4955032D2C169F4C00B2037F /* Scrollview.swift */ = {isa = PBXFileReference; lastKnownFileType = sourcecode.swift; path = Scrollview.swift; sourceTree = "<group>"; };
		4955032F2C17FF2000B2037F /* DetailWebsiteScreen.swift */ = {isa = PBXFileReference; lastKnownFileType = sourcecode.swift; path = DetailWebsiteScreen.swift; sourceTree = "<group>"; };
		495503312C17FF7F00B2037F /* DetailWebsiteVM.swift */ = {isa = PBXFileReference; lastKnownFileType = sourcecode.swift; path = DetailWebsiteVM.swift; sourceTree = "<group>"; };
		495503332C183F9300B2037F /* FsafeSuggestRegisterScreen.swift */ = {isa = PBXFileReference; lastKnownFileType = sourcecode.swift; path = FsafeSuggestRegisterScreen.swift; sourceTree = "<group>"; };
		495503352C1FDDE100B2037F /* FsafeSuggestRegisterVM.swift */ = {isa = PBXFileReference; lastKnownFileType = sourcecode.swift; path = FsafeSuggestRegisterVM.swift; sourceTree = "<group>"; };
		495503372C1FF0A300B2037F /* ManageDangerousWebsiteVM.swift */ = {isa = PBXFileReference; lastKnownFileType = sourcecode.swift; path = ManageDangerousWebsiteVM.swift; sourceTree = "<group>"; };
		495503392C1FF0E800B2037F /* ManageViolatesWebsiteVM.swift */ = {isa = PBXFileReference; lastKnownFileType = sourcecode.swift; path = ManageViolatesWebsiteVM.swift; sourceTree = "<group>"; };
		49B2379B2C5CD0D600C93EC8 /* ListAddressScreen.swift */ = {isa = PBXFileReference; lastKnownFileType = sourcecode.swift; path = ListAddressScreen.swift; sourceTree = "<group>"; };
		5CF8AFABEE1D3C7A4CD68E4A /* Pods-NewFsafe.debug.xcconfig */ = {isa = PBXFileReference; includeInIndex = 1; lastKnownFileType = text.xcconfig; name = "Pods-NewFsafe.debug.xcconfig"; path = "Target Support Files/Pods-NewFsafe/Pods-NewFsafe.debug.xcconfig"; sourceTree = "<group>"; };
		7884B9042CBDFCA900E99167 /* RestartSettingView.swift */ = {isa = PBXFileReference; lastKnownFileType = sourcecode.swift; path = RestartSettingView.swift; sourceTree = "<group>"; };
		7884B9062CBE5D0500E99167 /* PrivacySettingView.swift */ = {isa = PBXFileReference; lastKnownFileType = sourcecode.swift; path = PrivacySettingView.swift; sourceTree = "<group>"; };
		78D9E2462CB76B2A005ED055 /* ServiceManager.swift */ = {isa = PBXFileReference; lastKnownFileType = sourcecode.swift; path = ServiceManager.swift; sourceTree = "<group>"; };
		78D9E2482CB76BCE005ED055 /* ServiceManagerAPIService.swift */ = {isa = PBXFileReference; lastKnownFileType = sourcecode.swift; path = ServiceManagerAPIService.swift; sourceTree = "<group>"; };
		78DA71CE2CB90AD600B55507 /* ModemManageView.swift */ = {isa = PBXFileReference; lastKnownFileType = sourcecode.swift; path = ModemManageView.swift; sourceTree = "<group>"; };
		78DA71D02CB90B4E00B55507 /* ModemManageViewModel.swift */ = {isa = PBXFileReference; lastKnownFileType = sourcecode.swift; path = ModemManageViewModel.swift; sourceTree = "<group>"; };
		78DA71D22CB90B7300B55507 /* ModemManageModel.swift */ = {isa = PBXFileReference; lastKnownFileType = sourcecode.swift; path = ModemManageModel.swift; sourceTree = "<group>"; };
		78F7CAE32CBCD6F4002951BF /* RestartScheduleView.swift */ = {isa = PBXFileReference; lastKnownFileType = sourcecode.swift; path = RestartScheduleView.swift; sourceTree = "<group>"; };
		E093A9EB9EA62302CEFBC9D6 /* Pods_NewFsafe.framework */ = {isa = PBXFileReference; explicitFileType = wrapper.framework; includeInIndex = 0; path = Pods_NewFsafe.framework; sourceTree = BUILT_PRODUCTS_DIR; };
		F122FCBF0AAFB6DA18A391D7 /* Pods-NewFsafe.release.xcconfig */ = {isa = PBXFileReference; includeInIndex = 1; lastKnownFileType = text.xcconfig; name = "Pods-NewFsafe.release.xcconfig"; path = "Target Support Files/Pods-NewFsafe/Pods-NewFsafe.release.xcconfig"; sourceTree = "<group>"; };
/* End PBXFileReference section */

/* Begin PBXFrameworksBuildPhase section */
		491244842C097FD0006D2695 /* Frameworks */ = {
			isa = PBXFrameworksBuildPhase;
			buildActionMask = 2147483647;
			files = (
				7B2D71AC2CB51BA2D66B4F21 /* Pods_NewFsafe.framework in Frameworks */,
			);
			runOnlyForDeploymentPostprocessing = 0;
		};
/* End PBXFrameworksBuildPhase section */

/* Begin PBXGroup section */
		040DB5052CB4CC5E00828176 /* Screen */ = {
			isa = PBXGroup;
			children = (
				040DB5042CB4CC5E00828176 /* ServicesManageView.swift */,
				040DB50B2CB4CCB900828176 /* PopUpFSafe.swift */,
			);
			path = Screen;
			sourceTree = "<group>";
		};
		0418D02C2CAF98C70087160E /* Views */ = {
			isa = PBXGroup;
			children = (
				0418D02D2CAF990D0087160E /* ContractDetailsView.swift */,
				0418D02F2CAF9BFE0087160E /* ServicesBoxView.swift */,
				0418D0312CAF9D6D0087160E /* IncludedServiceView.swift */,
				043B76E32CB37CAD002A4872 /* NotUsingServiceView.swift */,
			);
			path = Views;
			sourceTree = "<group>";
		};
		044548FA2CB3E1C000BCED5E /* Extention */ = {
			isa = PBXGroup;
			children = (
				044548FB2CB3E7FD00BCED5E /* View+.swift */,
			);
			path = Extention;
			sourceTree = "<group>";
		};
		0454A5732CAB8E3E00879926 /* Khang */ = {
			isa = PBXGroup;
			children = (
				78DA71C32CB9063600B55507 /* ServicesManage */,
			);
			path = Khang;
			sourceTree = "<group>";
		};
		0454A5772CAB8E6600879926 /* Models */ = {
			isa = PBXGroup;
			children = (
				04C65EB82CAE3206004C4FF1 /* ServicesManagerModel.swift */,
			);
			path = Models;
			sourceTree = "<group>";
		};
		0454A5792CAB8E6600879926 /* ViewModels */ = {
			isa = PBXGroup;
			children = (
				04C65EBA2CAE39ED004C4FF1 /* ServiesManagerViewModel.swift */,
			);
			path = ViewModels;
			sourceTree = "<group>";
		};
		0454A5842CAB944400879926 /* Data */ = {
			isa = PBXGroup;
			children = (
				0454A5832CAB944400879926 /* Constant.swift */,
			);
			path = Data;
			sourceTree = "<group>";
		};
		0505C28ACC13B42CF9505F56 /* Frameworks */ = {
			isa = PBXGroup;
			children = (
				E093A9EB9EA62302CEFBC9D6 /* Pods_NewFsafe.framework */,
			);
			name = Frameworks;
			sourceTree = "<group>";
		};
		4912447E2C097FD0006D2695 = {
			isa = PBXGroup;
			children = (
				491244A42C09816A006D2695 /* Extension+Main.swift */,
				491244892C097FD0006D2695 /* NewFsafe */,
				491244882C097FD0006D2695 /* Products */,
				FC95A9EADBD215A8D71EA35E /* Pods */,
				0505C28ACC13B42CF9505F56 /* Frameworks */,
			);
			sourceTree = "<group>";
		};
		491244882C097FD0006D2695 /* Products */ = {
			isa = PBXGroup;
			children = (
				491244872C097FD0006D2695 /* NewFsafe.app */,
			);
			name = Products;
			sourceTree = "<group>";
		};
		491244892C097FD0006D2695 /* NewFsafe */ = {
			isa = PBXGroup;
			children = (
				49219D612CC0A82A00E8DF3B /* NetworkDiagram */,
				0454A5732CAB8E3E00879926 /* Khang */,
				49B2379A2C5CD0BE00C93EC8 /* ListAddress */,
				4912449E2C097FE6006D2695 /* FSafe_v8.2 */,
				4912448A2C097FD0006D2695 /* AppDelegate.swift */,
				4912448C2C097FD0006D2695 /* SceneDelegate.swift */,
				4912448E2C097FD0006D2695 /* ViewController.swift */,
				491244932C097FD2006D2695 /* Assets.xcassets */,
				491244952C097FD2006D2695 /* LaunchScreen.storyboard */,
				491244982C097FD2006D2695 /* Info.plist */,
			);
			path = NewFsafe;
			sourceTree = "<group>";
		};
		4912449E2C097FE6006D2695 /* FSafe_v8.2 */ = {
			isa = PBXGroup;
			children = (
				4955032C2C169F1600B2037F /* Extension */,
				4936ED722C09C1B10046E9E6 /* Managers */,
				491244A12C098027006D2695 /* WebsiteManage */,
				491244A02C098016006D2695 /* Home */,
			);
			path = FSafe_v8.2;
			sourceTree = "<group>";
		};
		4912449F2C09800B006D2695 /* Screen */ = {
			isa = PBXGroup;
			children = (
				491244A22C09806C006D2695 /* HomeFSafeScreen.swift */,
				495503332C183F9300B2037F /* FsafeSuggestRegisterScreen.swift */,
			);
			path = Screen;
			sourceTree = "<group>";
		};
		491244A02C098016006D2695 /* Home */ = {
			isa = PBXGroup;
			children = (
				4936ED782C09C2A00046E9E6 /* Model */,
				4936ED6F2C09BBA20046E9E6 /* Views */,
				491244A62C09821F006D2695 /* ViewModel */,
				4912449F2C09800B006D2695 /* Screen */,
			);
			path = Home;
			sourceTree = "<group>";
		};
		491244A12C098027006D2695 /* WebsiteManage */ = {
			isa = PBXGroup;
			children = (
				495503292C13034000B2037F /* VMProtolcol */,
				4936ED792C09C2A60046E9E6 /* Model */,
				4936ED772C09C28D0046E9E6 /* ViewModel */,
				4936ED762C09C2830046E9E6 /* Views */,
				4936ED752C09C27B0046E9E6 /* Screen */,
			);
			path = WebsiteManage;
			sourceTree = "<group>";
		};
		491244A62C09821F006D2695 /* ViewModel */ = {
			isa = PBXGroup;
			children = (
				491244A72C09823F006D2695 /* HomeFSafeVM.swift */,
				495503352C1FDDE100B2037F /* FsafeSuggestRegisterVM.swift */,
			);
			path = ViewModel;
			sourceTree = "<group>";
		};
		49219D572CBFC37800E8DF3B /* views */ = {
			isa = PBXGroup;
			children = (
				49219D582CBFC3AF00E8DF3B /* NetworkDiagramViewRepresentable.swift */,
			);
			path = views;
			sourceTree = "<group>";
		};
		49219D5E2CC0A82A00E8DF3B /* View */ = {
			isa = PBXGroup;
			children = (
				49219D5B2CC0A82A00E8DF3B /* NetworkDeviceView.swift */,
				49219D5C2CC0A82A00E8DF3B /* NetworkDiagramView.swift */,
				49219D5D2CC0A82A00E8DF3B /* NetworkDiagramZoomingView.swift */,
			);
			path = View;
			sourceTree = "<group>";
		};
		49219D612CC0A82A00E8DF3B /* NetworkDiagram */ = {
			isa = PBXGroup;
			children = (
				49219D5E2CC0A82A00E8DF3B /* View */,
				49219D5F2CC0A82A00E8DF3B /* NetworkDeviceModel.swift */,
				49219D602CC0A82A00E8DF3B /* NetworkDiagramVC.swift */,
			);
			path = NetworkDiagram;
			sourceTree = "<group>";
		};
		4936ED6F2C09BBA20046E9E6 /* Views */ = {
			isa = PBXGroup;
			children = (
				4936ED702C09BBBD0046E9E6 /* ItemFeatureFSafe.swift */,
				495503252C12B4E900B2037F /* FSafeEmptyView.swift */,
			);
			path = Views;
			sourceTree = "<group>";
		};
		4936ED722C09C1B10046E9E6 /* Managers */ = {
			isa = PBXGroup;
			children = (
				4936ED732C09C1CE0046E9E6 /* FSafeManagers.swift */,
			);
			path = Managers;
			sourceTree = "<group>";
		};
		4936ED752C09C27B0046E9E6 /* Screen */ = {
			isa = PBXGroup;
			children = (
				4936ED7A2C09C2CA0046E9E6 /* ManageWebsiteScreen.swift */,
				4955032F2C17FF2000B2037F /* DetailWebsiteScreen.swift */,
			);
			path = Screen;
			sourceTree = "<group>";
		};
		4936ED762C09C2830046E9E6 /* Views */ = {
			isa = PBXGroup;
			children = (
				4955030A2C11911600B2037F /* ListWebsiteTableview.swift */,
			);
			path = Views;
			sourceTree = "<group>";
		};
		4936ED772C09C28D0046E9E6 /* ViewModel */ = {
			isa = PBXGroup;
			children = (
				4936ED7C2C0D5C8A0046E9E6 /* ManageWebsiteVM.swift */,
				495503312C17FF7F00B2037F /* DetailWebsiteVM.swift */,
				495503372C1FF0A300B2037F /* ManageDangerousWebsiteVM.swift */,
				495503392C1FF0E800B2037F /* ManageViolatesWebsiteVM.swift */,
			);
			path = ViewModel;
			sourceTree = "<group>";
		};
		4936ED782C09C2A00046E9E6 /* Model */ = {
			isa = PBXGroup;
			children = (
			);
			path = Model;
			sourceTree = "<group>";
		};
		4936ED792C09C2A60046E9E6 /* Model */ = {
			isa = PBXGroup;
			children = (
				495503272C13030100B2037F /* ListWebsiteModel.swift */,
			);
			path = Model;
			sourceTree = "<group>";
		};
		495503292C13034000B2037F /* VMProtolcol */ = {
			isa = PBXGroup;
			children = (
				4955032A2C13035C00B2037F /* ManagaWebsiteVMProtocol.swift */,
			);
			path = VMProtolcol;
			sourceTree = "<group>";
		};
		4955032C2C169F1600B2037F /* Extension */ = {
			isa = PBXGroup;
			children = (
				4955032D2C169F4C00B2037F /* Scrollview.swift */,
			);
			path = Extension;
			sourceTree = "<group>";
		};
		49B2379A2C5CD0BE00C93EC8 /* ListAddress */ = {
			isa = PBXGroup;
			children = (
				49B2379B2C5CD0D600C93EC8 /* ListAddressScreen.swift */,
			);
			path = ListAddress;
			sourceTree = "<group>";
		};
		78D9E2452CB76AC7005ED055 /* Managers */ = {
			isa = PBXGroup;
			children = (
				78D9E2482CB76BCE005ED055 /* ServiceManagerAPIService.swift */,
				78D9E2462CB76B2A005ED055 /* ServiceManager.swift */,
			);
			path = Managers;
			sourceTree = "<group>";
		};
		78DA71C32CB9063600B55507 /* ServicesManage */ = {
			isa = PBXGroup;
			children = (
				78DA71C92CB90A6000B55507 /* ModemManage */,
				78DA71C82CB9094F00B55507 /* Main */,
				78DA71C42CB9080F00B55507 /* DevicesManage */,
				78D9E2452CB76AC7005ED055 /* Managers */,
				044548FA2CB3E1C000BCED5E /* Extention */,
				0454A5842CAB944400879926 /* Data */,
			);
			path = ServicesManage;
			sourceTree = "<group>";
		};
		78DA71C42CB9080F00B55507 /* DevicesManage */ = {
			isa = PBXGroup;
			children = (
				49219D572CBFC37800E8DF3B /* views */,
				78DA71C72CB9088C00B55507 /* ViewModels */,
				78DA71C62CB9088000B55507 /* Models */,
				78DA71C52CB9086200B55507 /* Screen */,
			);
			path = DevicesManage;
			sourceTree = "<group>";
		};
		78DA71C52CB9086200B55507 /* Screen */ = {
			isa = PBXGroup;
			children = (
				040DB5032CB4CC5E00828176 /* DeviceNormalView.swift */,
				040DB5022CB4CC5E00828176 /* DeviceInforView.swift */,
			);
			path = Screen;
			sourceTree = "<group>";
		};
		78DA71C62CB9088000B55507 /* Models */ = {
			isa = PBXGroup;
			children = (
				0454A5762CAB8E6600879926 /* UserDeviceModel.swift */,
			);
			path = Models;
			sourceTree = "<group>";
		};
		78DA71C72CB9088C00B55507 /* ViewModels */ = {
			isa = PBXGroup;
			children = (
				0454A5782CAB8E6600879926 /* UserDeviceViewModel.swift */,
				0454A5882CABD4F100879926 /* DeviceInforViewModel.swift */,
			);
			path = ViewModels;
			sourceTree = "<group>";
		};
		78DA71C82CB9094F00B55507 /* Main */ = {
			isa = PBXGroup;
			children = (
				040DB5052CB4CC5E00828176 /* Screen */,
				0418D02C2CAF98C70087160E /* Views */,
				0454A5772CAB8E6600879926 /* Models */,
				0454A5792CAB8E6600879926 /* ViewModels */,
			);
			path = Main;
			sourceTree = "<group>";
		};
		78DA71C92CB90A6000B55507 /* ModemManage */ = {
			isa = PBXGroup;
			children = (
				78DA71CD2CB90AA900B55507 /* Screen */,
				78DA71CC2CB90A9100B55507 /* ViewModels */,
				78DA71CB2CB90A7E00B55507 /* Views */,
				78DA71CA2CB90A7300B55507 /* Models */,
			);
			path = ModemManage;
			sourceTree = "<group>";
		};
		78DA71CA2CB90A7300B55507 /* Models */ = {
			isa = PBXGroup;
			children = (
				78DA71D22CB90B7300B55507 /* ModemManageModel.swift */,
			);
			path = Models;
			sourceTree = "<group>";
		};
		78DA71CB2CB90A7E00B55507 /* Views */ = {
			isa = PBXGroup;
			children = (
			);
			path = Views;
			sourceTree = "<group>";
		};
		78DA71CC2CB90A9100B55507 /* ViewModels */ = {
			isa = PBXGroup;
			children = (
				78DA71D02CB90B4E00B55507 /* ModemManageViewModel.swift */,
			);
			path = ViewModels;
			sourceTree = "<group>";
		};
		78DA71CD2CB90AA900B55507 /* Screen */ = {
			isa = PBXGroup;
			children = (
				78DA71CE2CB90AD600B55507 /* ModemManageView.swift */,
				78F7CAE32CBCD6F4002951BF /* RestartScheduleView.swift */,
				7884B9042CBDFCA900E99167 /* RestartSettingView.swift */,
				7884B9062CBE5D0500E99167 /* PrivacySettingView.swift */,
			);
			path = Screen;
			sourceTree = "<group>";
		};
		FC95A9EADBD215A8D71EA35E /* Pods */ = {
			isa = PBXGroup;
			children = (
				5CF8AFABEE1D3C7A4CD68E4A /* Pods-NewFsafe.debug.xcconfig */,
				F122FCBF0AAFB6DA18A391D7 /* Pods-NewFsafe.release.xcconfig */,
			);
			path = Pods;
			sourceTree = "<group>";
		};
/* End PBXGroup section */

/* Begin PBXNativeTarget section */
		491244862C097FD0006D2695 /* NewFsafe */ = {
			isa = PBXNativeTarget;
			buildConfigurationList = 4912449B2C097FD2006D2695 /* Build configuration list for PBXNativeTarget "NewFsafe" */;
			buildPhases = (
				AAF6BA95D1EF430B44861983 /* [CP] Check Pods Manifest.lock */,
				491244832C097FD0006D2695 /* Sources */,
				491244842C097FD0006D2695 /* Frameworks */,
				491244852C097FD0006D2695 /* Resources */,
				2C26CF45FFEDB8E5379B2D86 /* [CP] Embed Pods Frameworks */,
			);
			buildRules = (
			);
			dependencies = (
			);
			name = NewFsafe;
			productName = NewFsafe;
			productReference = 491244872C097FD0006D2695 /* NewFsafe.app */;
			productType = "com.apple.product-type.application";
		};
/* End PBXNativeTarget section */

/* Begin PBXProject section */
		4912447F2C097FD0006D2695 /* Project object */ = {
			isa = PBXProject;
			attributes = {
				BuildIndependentTargetsInParallel = 1;
				LastSwiftUpdateCheck = 1500;
				LastUpgradeCheck = 1500;
				TargetAttributes = {
					491244862C097FD0006D2695 = {
						CreatedOnToolsVersion = 15.0;
					};
				};
			};
			buildConfigurationList = 491244822C097FD0006D2695 /* Build configuration list for PBXProject "NewFsafe" */;
			compatibilityVersion = "Xcode 14.0";
			developmentRegion = en;
			hasScannedForEncodings = 0;
			knownRegions = (
				en,
				Base,
			);
			mainGroup = 4912447E2C097FD0006D2695;
			productRefGroup = 491244882C097FD0006D2695 /* Products */;
			projectDirPath = "";
			projectRoot = "";
			targets = (
				491244862C097FD0006D2695 /* NewFsafe */,
			);
		};
/* End PBXProject section */

/* Begin PBXResourcesBuildPhase section */
		491244852C097FD0006D2695 /* Resources */ = {
			isa = PBXResourcesBuildPhase;
			buildActionMask = 2147483647;
			files = (
				491244972C097FD2006D2695 /* LaunchScreen.storyboard in Resources */,
				491244942C097FD2006D2695 /* Assets.xcassets in Resources */,
			);
			runOnlyForDeploymentPostprocessing = 0;
		};
/* End PBXResourcesBuildPhase section */

/* Begin PBXShellScriptBuildPhase section */
		2C26CF45FFEDB8E5379B2D86 /* [CP] Embed Pods Frameworks */ = {
			isa = PBXShellScriptBuildPhase;
			buildActionMask = 2147483647;
			files = (
			);
			inputFileListPaths = (
				"${PODS_ROOT}/Target Support Files/Pods-NewFsafe/Pods-NewFsafe-frameworks-${CONFIGURATION}-input-files.xcfilelist",
			);
			name = "[CP] Embed Pods Frameworks";
			outputFileListPaths = (
				"${PODS_ROOT}/Target Support Files/Pods-NewFsafe/Pods-NewFsafe-frameworks-${CONFIGURATION}-output-files.xcfilelist",
			);
			runOnlyForDeploymentPostprocessing = 0;
			shellPath = /bin/sh;
			shellScript = "\"${PODS_ROOT}/Target Support Files/Pods-NewFsafe/Pods-NewFsafe-frameworks.sh\"\n";
			showEnvVarsInLog = 0;
		};
		AAF6BA95D1EF430B44861983 /* [CP] Check Pods Manifest.lock */ = {
			isa = PBXShellScriptBuildPhase;
			buildActionMask = 2147483647;
			files = (
			);
			inputFileListPaths = (
			);
			inputPaths = (
				"${PODS_PODFILE_DIR_PATH}/Podfile.lock",
				"${PODS_ROOT}/Manifest.lock",
			);
			name = "[CP] Check Pods Manifest.lock";
			outputFileListPaths = (
			);
			outputPaths = (
				"$(DERIVED_FILE_DIR)/Pods-NewFsafe-checkManifestLockResult.txt",
			);
			runOnlyForDeploymentPostprocessing = 0;
			shellPath = /bin/sh;
			shellScript = "diff \"${PODS_PODFILE_DIR_PATH}/Podfile.lock\" \"${PODS_ROOT}/Manifest.lock\" > /dev/null\nif [ $? != 0 ] ; then\n    # print error to STDERR\n    echo \"error: The sandbox is not in sync with the Podfile.lock. Run 'pod install' or update your CocoaPods installation.\" >&2\n    exit 1\nfi\n# This output is used by Xcode 'outputs' to avoid re-running this script phase.\necho \"SUCCESS\" > \"${SCRIPT_OUTPUT_FILE_0}\"\n";
			showEnvVarsInLog = 0;
		};
/* End PBXShellScriptBuildPhase section */

/* Begin PBXSourcesBuildPhase section */
		491244832C097FD0006D2695 /* Sources */ = {
			isa = PBXSourcesBuildPhase;
			buildActionMask = 2147483647;
			files = (
				040DB50C2CB4CCB900828176 /* PopUpFSafe.swift in Sources */,
				4912448F2C097FD0006D2695 /* ViewController.swift in Sources */,
				04C65EB92CAE3206004C4FF1 /* ServicesManagerModel.swift in Sources */,
				043B76E42CB37CAD002A4872 /* NotUsingServiceView.swift in Sources */,
				4955032B2C13035C00B2037F /* ManagaWebsiteVMProtocol.swift in Sources */,
				0454A57A2CAB8E6600879926 /* UserDeviceViewModel.swift in Sources */,
				0454A5892CABD4F100879926 /* DeviceInforViewModel.swift in Sources */,
				0454A57C2CAB8E6600879926 /* UserDeviceModel.swift in Sources */,
				495503262C12B4E900B2037F /* FSafeEmptyView.swift in Sources */,
				7884B9072CBE5D0500E99167 /* PrivacySettingView.swift in Sources */,
				78DA71D32CB90B7300B55507 /* ModemManageModel.swift in Sources */,
				4912448B2C097FD0006D2695 /* AppDelegate.swift in Sources */,
				495503282C13030100B2037F /* ListWebsiteModel.swift in Sources */,
				49219D622CC0A82A00E8DF3B /* NetworkDeviceModel.swift in Sources */,
				49219D632CC0A82A00E8DF3B /* NetworkDiagramZoomingView.swift in Sources */,
				49219D642CC0A82A00E8DF3B /* NetworkDiagramVC.swift in Sources */,
				49219D652CC0A82A00E8DF3B /* NetworkDeviceView.swift in Sources */,
				49219D662CC0A82A00E8DF3B /* NetworkDiagramView.swift in Sources */,
				0418D02E2CAF990D0087160E /* ContractDetailsView.swift in Sources */,
				491244A52C09816A006D2695 /* Extension+Main.swift in Sources */,
				78DA71D12CB90B4E00B55507 /* ModemManageViewModel.swift in Sources */,
				4936ED7B2C09C2CA0046E9E6 /* ManageWebsiteScreen.swift in Sources */,
				78DA71CF2CB90AD600B55507 /* ModemManageView.swift in Sources */,
				49219D592CBFC3AF00E8DF3B /* NetworkDiagramViewRepresentable.swift in Sources */,
				491244A82C09823F006D2695 /* HomeFSafeVM.swift in Sources */,
				495503342C183F9300B2037F /* FsafeSuggestRegisterScreen.swift in Sources */,
				04C65EBB2CAE39ED004C4FF1 /* ServiesManagerViewModel.swift in Sources */,
				4936ED712C09BBBD0046E9E6 /* ItemFeatureFSafe.swift in Sources */,
				7884B9052CBDFCA900E99167 /* RestartSettingView.swift in Sources */,
				044548FC2CB3E7FD00BCED5E /* View+.swift in Sources */,
				4936ED742C09C1CE0046E9E6 /* FSafeManagers.swift in Sources */,
				040DB5062CB4CC5E00828176 /* DeviceInforView.swift in Sources */,
				040DB5072CB4CC5E00828176 /* DeviceNormalView.swift in Sources */,
				040DB5082CB4CC5E00828176 /* ServicesManageView.swift in Sources */,
				495503362C1FDDE100B2037F /* FsafeSuggestRegisterVM.swift in Sources */,
				495503302C17FF2000B2037F /* DetailWebsiteScreen.swift in Sources */,
				4912448D2C097FD0006D2695 /* SceneDelegate.swift in Sources */,
				0454A5852CAB944400879926 /* Constant.swift in Sources */,
				0418D0302CAF9BFE0087160E /* ServicesBoxView.swift in Sources */,
				495503322C17FF7F00B2037F /* DetailWebsiteVM.swift in Sources */,
				4955033A2C1FF0E800B2037F /* ManageViolatesWebsiteVM.swift in Sources */,
				491244A32C09806C006D2695 /* HomeFSafeScreen.swift in Sources */,
				78D9E2492CB76BE2005ED055 /* ServiceManagerAPIService.swift in Sources */,
				0418D0322CAF9D6D0087160E /* IncludedServiceView.swift in Sources */,
				495503382C1FF0A300B2037F /* ManageDangerousWebsiteVM.swift in Sources */,
				49B2379C2C5CD0D600C93EC8 /* ListAddressScreen.swift in Sources */,
				4955032E2C169F4C00B2037F /* Scrollview.swift in Sources */,
				4955030B2C11911600B2037F /* ListWebsiteTableview.swift in Sources */,
				4936ED7D2C0D5C8A0046E9E6 /* ManageWebsiteVM.swift in Sources */,
				78F7CAE42CBCD6F4002951BF /* RestartScheduleView.swift in Sources */,
				78D9E2472CB76B7D005ED055 /* ServiceManager.swift in Sources */,
			);
			runOnlyForDeploymentPostprocessing = 0;
		};
/* End PBXSourcesBuildPhase section */

/* Begin PBXVariantGroup section */
		491244952C097FD2006D2695 /* LaunchScreen.storyboard */ = {
			isa = PBXVariantGroup;
			children = (
				491244962C097FD2006D2695 /* Base */,
			);
			name = LaunchScreen.storyboard;
			sourceTree = "<group>";
		};
/* End PBXVariantGroup section */

/* Begin XCBuildConfiguration section */
		491244992C097FD2006D2695 /* Debug */ = {
			isa = XCBuildConfiguration;
			buildSettings = {
				ALWAYS_SEARCH_USER_PATHS = NO;
				ASSETCATALOG_COMPILER_GENERATE_SWIFT_ASSET_SYMBOL_EXTENSIONS = YES;
				CLANG_ANALYZER_NONNULL = YES;
				CLANG_ANALYZER_NUMBER_OBJECT_CONVERSION = YES_AGGRESSIVE;
				CLANG_CXX_LANGUAGE_STANDARD = "gnu++20";
				CLANG_ENABLE_MODULES = YES;
				CLANG_ENABLE_OBJC_ARC = YES;
				CLANG_ENABLE_OBJC_WEAK = YES;
				CLANG_WARN_BLOCK_CAPTURE_AUTORELEASING = YES;
				CLANG_WARN_BOOL_CONVERSION = YES;
				CLANG_WARN_COMMA = YES;
				CLANG_WARN_CONSTANT_CONVERSION = YES;
				CLANG_WARN_DEPRECATED_OBJC_IMPLEMENTATIONS = YES;
				CLANG_WARN_DIRECT_OBJC_ISA_USAGE = YES_ERROR;
				CLANG_WARN_DOCUMENTATION_COMMENTS = YES;
				CLANG_WARN_EMPTY_BODY = YES;
				CLANG_WARN_ENUM_CONVERSION = YES;
				CLANG_WARN_INFINITE_RECURSION = YES;
				CLANG_WARN_INT_CONVERSION = YES;
				CLANG_WARN_NON_LITERAL_NULL_CONVERSION = YES;
				CLANG_WARN_OBJC_IMPLICIT_RETAIN_SELF = YES;
				CLANG_WARN_OBJC_LITERAL_CONVERSION = YES;
				CLANG_WARN_OBJC_ROOT_CLASS = YES_ERROR;
				CLANG_WARN_QUOTED_INCLUDE_IN_FRAMEWORK_HEADER = YES;
				CLANG_WARN_RANGE_LOOP_ANALYSIS = YES;
				CLANG_WARN_STRICT_PROTOTYPES = YES;
				CLANG_WARN_SUSPICIOUS_MOVE = YES;
				CLANG_WARN_UNGUARDED_AVAILABILITY = YES_AGGRESSIVE;
				CLANG_WARN_UNREACHABLE_CODE = YES;
				CLANG_WARN__DUPLICATE_METHOD_MATCH = YES;
				COPY_PHASE_STRIP = NO;
				DEBUG_INFORMATION_FORMAT = dwarf;
				ENABLE_STRICT_OBJC_MSGSEND = YES;
				ENABLE_TESTABILITY = YES;
				ENABLE_USER_SCRIPT_SANDBOXING = YES;
				GCC_C_LANGUAGE_STANDARD = gnu17;
				GCC_DYNAMIC_NO_PIC = NO;
				GCC_NO_COMMON_BLOCKS = YES;
				GCC_OPTIMIZATION_LEVEL = 0;
				GCC_PREPROCESSOR_DEFINITIONS = (
					"DEBUG=1",
					"$(inherited)",
				);
				GCC_WARN_64_TO_32_BIT_CONVERSION = YES;
				GCC_WARN_ABOUT_RETURN_TYPE = YES_ERROR;
				GCC_WARN_UNDECLARED_SELECTOR = YES;
				GCC_WARN_UNINITIALIZED_AUTOS = YES_AGGRESSIVE;
				GCC_WARN_UNUSED_FUNCTION = YES;
				GCC_WARN_UNUSED_VARIABLE = YES;
				IPHONEOS_DEPLOYMENT_TARGET = 13.0;
				LOCALIZATION_PREFERS_STRING_CATALOGS = YES;
				MTL_ENABLE_DEBUG_INFO = INCLUDE_SOURCE;
				MTL_FAST_MATH = YES;
				ONLY_ACTIVE_ARCH = YES;
				SDKROOT = iphoneos;
				SWIFT_ACTIVE_COMPILATION_CONDITIONS = "DEBUG $(inherited)";
				SWIFT_OPTIMIZATION_LEVEL = "-Onone";
			};
			name = Debug;
		};
		4912449A2C097FD2006D2695 /* Release */ = {
			isa = XCBuildConfiguration;
			buildSettings = {
				ALWAYS_SEARCH_USER_PATHS = NO;
				ASSETCATALOG_COMPILER_GENERATE_SWIFT_ASSET_SYMBOL_EXTENSIONS = YES;
				CLANG_ANALYZER_NONNULL = YES;
				CLANG_ANALYZER_NUMBER_OBJECT_CONVERSION = YES_AGGRESSIVE;
				CLANG_CXX_LANGUAGE_STANDARD = "gnu++20";
				CLANG_ENABLE_MODULES = YES;
				CLANG_ENABLE_OBJC_ARC = YES;
				CLANG_ENABLE_OBJC_WEAK = YES;
				CLANG_WARN_BLOCK_CAPTURE_AUTORELEASING = YES;
				CLANG_WARN_BOOL_CONVERSION = YES;
				CLANG_WARN_COMMA = YES;
				CLANG_WARN_CONSTANT_CONVERSION = YES;
				CLANG_WARN_DEPRECATED_OBJC_IMPLEMENTATIONS = YES;
				CLANG_WARN_DIRECT_OBJC_ISA_USAGE = YES_ERROR;
				CLANG_WARN_DOCUMENTATION_COMMENTS = YES;
				CLANG_WARN_EMPTY_BODY = YES;
				CLANG_WARN_ENUM_CONVERSION = YES;
				CLANG_WARN_INFINITE_RECURSION = YES;
				CLANG_WARN_INT_CONVERSION = YES;
				CLANG_WARN_NON_LITERAL_NULL_CONVERSION = YES;
				CLANG_WARN_OBJC_IMPLICIT_RETAIN_SELF = YES;
				CLANG_WARN_OBJC_LITERAL_CONVERSION = YES;
				CLANG_WARN_OBJC_ROOT_CLASS = YES_ERROR;
				CLANG_WARN_QUOTED_INCLUDE_IN_FRAMEWORK_HEADER = YES;
				CLANG_WARN_RANGE_LOOP_ANALYSIS = YES;
				CLANG_WARN_STRICT_PROTOTYPES = YES;
				CLANG_WARN_SUSPICIOUS_MOVE = YES;
				CLANG_WARN_UNGUARDED_AVAILABILITY = YES_AGGRESSIVE;
				CLANG_WARN_UNREACHABLE_CODE = YES;
				CLANG_WARN__DUPLICATE_METHOD_MATCH = YES;
				COPY_PHASE_STRIP = NO;
				DEBUG_INFORMATION_FORMAT = "dwarf-with-dsym";
				ENABLE_NS_ASSERTIONS = NO;
				ENABLE_STRICT_OBJC_MSGSEND = YES;
				ENABLE_USER_SCRIPT_SANDBOXING = YES;
				GCC_C_LANGUAGE_STANDARD = gnu17;
				GCC_NO_COMMON_BLOCKS = YES;
				GCC_WARN_64_TO_32_BIT_CONVERSION = YES;
				GCC_WARN_ABOUT_RETURN_TYPE = YES_ERROR;
				GCC_WARN_UNDECLARED_SELECTOR = YES;
				GCC_WARN_UNINITIALIZED_AUTOS = YES_AGGRESSIVE;
				GCC_WARN_UNUSED_FUNCTION = YES;
				GCC_WARN_UNUSED_VARIABLE = YES;
				IPHONEOS_DEPLOYMENT_TARGET = 13.0;
				LOCALIZATION_PREFERS_STRING_CATALOGS = YES;
				MTL_ENABLE_DEBUG_INFO = NO;
				MTL_FAST_MATH = YES;
				SDKROOT = iphoneos;
				SWIFT_COMPILATION_MODE = wholemodule;
				VALIDATE_PRODUCT = YES;
			};
			name = Release;
		};
		4912449C2C097FD2006D2695 /* Debug */ = {
			isa = XCBuildConfiguration;
			baseConfigurationReference = 5CF8AFABEE1D3C7A4CD68E4A /* Pods-NewFsafe.debug.xcconfig */;
			buildSettings = {
				ASSETCATALOG_COMPILER_APPICON_NAME = AppIcon;
				ASSETCATALOG_COMPILER_GLOBAL_ACCENT_COLOR_NAME = AccentColor;
				CODE_SIGN_IDENTITY = "Apple Development";
				CODE_SIGN_STYLE = Automatic;
				CURRENT_PROJECT_VERSION = 1;
				DEVELOPMENT_TEAM = 6GY32426ZJ;
				ENABLE_USER_SCRIPT_SANDBOXING = NO;
				GENERATE_INFOPLIST_FILE = YES;
				INFOPLIST_FILE = NewFsafe/Info.plist;
				INFOPLIST_KEY_UIApplicationSupportsIndirectInputEvents = YES;
				INFOPLIST_KEY_UILaunchStoryboardName = LaunchScreen;
				INFOPLIST_KEY_UISupportedInterfaceOrientations_iPad = "UIInterfaceOrientationPortrait UIInterfaceOrientationPortraitUpsideDown UIInterfaceOrientationLandscapeLeft UIInterfaceOrientationLandscapeRight";
				INFOPLIST_KEY_UISupportedInterfaceOrientations_iPhone = "UIInterfaceOrientationPortrait UIInterfaceOrientationLandscapeLeft UIInterfaceOrientationLandscapeRight";
				IPHONEOS_DEPLOYMENT_TARGET = 13;
				LD_RUNPATH_SEARCH_PATHS = (
					"$(inherited)",
					"@executable_path/Frameworks",
				);
				MARKETING_VERSION = 1.0;
				PRODUCT_BUNDLE_IDENTIFIER = DeeplinkUniversalLinkDemo.NewFsafe;
				PRODUCT_NAME = "$(TARGET_NAME)";
				PROVISIONING_PROFILE_SPECIFIER = "";
				SWIFT_EMIT_LOC_STRINGS = YES;
				SWIFT_VERSION = 5.0;
				TARGETED_DEVICE_FAMILY = "1,2";
			};
			name = Debug;
		};
		4912449D2C097FD2006D2695 /* Release */ = {
			isa = XCBuildConfiguration;
			baseConfigurationReference = F122FCBF0AAFB6DA18A391D7 /* Pods-NewFsafe.release.xcconfig */;
			buildSettings = {
				ASSETCATALOG_COMPILER_APPICON_NAME = AppIcon;
				ASSETCATALOG_COMPILER_GLOBAL_ACCENT_COLOR_NAME = AccentColor;
				CODE_SIGN_IDENTITY = "Apple Development";
				CODE_SIGN_STYLE = Automatic;
				CURRENT_PROJECT_VERSION = 1;
				DEVELOPMENT_TEAM = 6GY32426ZJ;
				ENABLE_USER_SCRIPT_SANDBOXING = NO;
				GENERATE_INFOPLIST_FILE = YES;
				INFOPLIST_FILE = NewFsafe/Info.plist;
				INFOPLIST_KEY_UIApplicationSupportsIndirectInputEvents = YES;
				INFOPLIST_KEY_UILaunchStoryboardName = LaunchScreen;
				INFOPLIST_KEY_UISupportedInterfaceOrientations_iPad = "UIInterfaceOrientationPortrait UIInterfaceOrientationPortraitUpsideDown UIInterfaceOrientationLandscapeLeft UIInterfaceOrientationLandscapeRight";
				INFOPLIST_KEY_UISupportedInterfaceOrientations_iPhone = "UIInterfaceOrientationPortrait UIInterfaceOrientationLandscapeLeft UIInterfaceOrientationLandscapeRight";
				IPHONEOS_DEPLOYMENT_TARGET = 13;
				LD_RUNPATH_SEARCH_PATHS = (
					"$(inherited)",
					"@executable_path/Frameworks",
				);
				MARKETING_VERSION = 1.0;
				PRODUCT_BUNDLE_IDENTIFIER = DeeplinkUniversalLinkDemo.NewFsafe;
				PRODUCT_NAME = "$(TARGET_NAME)";
				PROVISIONING_PROFILE_SPECIFIER = "";
				SWIFT_EMIT_LOC_STRINGS = YES;
				SWIFT_VERSION = 5.0;
				TARGETED_DEVICE_FAMILY = "1,2";
			};
			name = Release;
		};
/* End XCBuildConfiguration section */

/* Begin XCConfigurationList section */
		491244822C097FD0006D2695 /* Build configuration list for PBXProject "NewFsafe" */ = {
			isa = XCConfigurationList;
			buildConfigurations = (
				491244992C097FD2006D2695 /* Debug */,
				4912449A2C097FD2006D2695 /* Release */,
			);
			defaultConfigurationIsVisible = 0;
			defaultConfigurationName = Release;
		};
		4912449B2C097FD2006D2695 /* Build configuration list for PBXNativeTarget "NewFsafe" */ = {
			isa = XCConfigurationList;
			buildConfigurations = (
				4912449C2C097FD2006D2695 /* Debug */,
				4912449D2C097FD2006D2695 /* Release */,
			);
			defaultConfigurationIsVisible = 0;
			defaultConfigurationName = Release;
		};
/* End XCConfigurationList section */
	};
	rootObject = 4912447F2C097FD0006D2695 /* Project object */;
}
